{
  "nodes": {
    "100.0": {
      "flake": false,
      "locked": {
        "lastModified": 1652122178,
        "narHash": "sha256-gitVP21/l26hfR+r7+ST2o7pY8ikr2u92n2uzuLgnKs=",
        "owner": "arkenfox",
        "repo": "user.js",
        "rev": "d6b26e75588bcd4311251c68912d3c77b8c6e996",
        "type": "github"
      },
      "original": {
        "owner": "arkenfox",
        "ref": "100.0",
        "repo": "user.js",
        "type": "github"
      }
    },
    "101.0": {
      "flake": false,
      "locked": {
        "lastModified": 1655041107,
        "narHash": "sha256-lGRqHEL9I8VgvSiUjT1DngFCsmEzM8n5J7vIfRj6TZM=",
        "owner": "arkenfox",
        "repo": "user.js",
        "rev": "1a899966a911dc2b69a808095ac7836bef5e214b",
        "type": "github"
      },
      "original": {
        "owner": "arkenfox",
        "ref": "101.0",
        "repo": "user.js",
        "type": "github"
      }
    },
    "102.0": {
      "flake": false,
      "locked": {
        "lastModified": 1656722605,
        "narHash": "sha256-1M1lf3ah4I5KOPlTIZ52uEha8tuQu1wkgkdzEB4iK/0=",
        "owner": "arkenfox",
        "repo": "user.js",
        "rev": "ceacc9dd74086478d43ccf3a4f0bd5befda53a43",
        "type": "github"
      },
      "original": {
        "owner": "arkenfox",
        "ref": "102.0",
        "repo": "user.js",
        "type": "github"
      }
    },
    "93.0": {
      "flake": false,
      "locked": {
        "lastModified": 1634027026,
        "narHash": "sha256-/ITf8nv/IWR1sKBchPtdkPjZO5OFH9p6FgVbDfBrJc8=",
        "owner": "arkenfox",
        "repo": "user.js",
        "rev": "85438d00e457bff692303af519da618c6372476b",
        "type": "github"
      },
      "original": {
        "owner": "arkenfox",
        "ref": "93.0",
        "repo": "user.js",
        "type": "github"
      }
    },
    "94.0": {
      "flake": false,
      "locked": {
        "lastModified": 1637651503,
        "narHash": "sha256-RvG+GRh8Md1yrTzFniu1G2UpTnOb7KCGDfQmFvdtl58=",
        "owner": "arkenfox",
        "repo": "user.js",
        "rev": "cbfb8abf1544c3e87f412f64a9747bd1dea4a705",
        "type": "github"
      },
      "original": {
        "owner": "arkenfox",
        "ref": "94.0",
        "repo": "user.js",
        "type": "github"
      }
    },
    "95.0": {
      "flake": false,
      "locked": {
        "lastModified": 1638965627,
        "narHash": "sha256-4g1Vu4zF+EtHK123zSxIDP1wYROK2rqS897Kcv2C/cI=",
        "owner": "arkenfox",
        "repo": "user.js",
        "rev": "7e1b92567ca2bb76ad358d0fc786fd60b3cf7970",
        "type": "github"
      },
      "original": {
        "owner": "arkenfox",
        "ref": "95.0",
        "repo": "user.js",
        "type": "github"
      }
    },
    "96.0": {
      "flake": false,
      "locked": {
        "lastModified": 1642736886,
        "narHash": "sha256-P2C59t4DnM11I9GDL9xyc2m8Ml0T8gRuom7UtWykWnk=",
        "owner": "arkenfox",
        "repo": "user.js",
        "rev": "ac0820a5dc00e04fe14fc2a74ba75e590883293c",
        "type": "github"
      },
      "original": {
        "owner": "arkenfox",
        "ref": "96.0",
        "repo": "user.js",
        "type": "github"
      }
    },
    "97.0": {
      "flake": false,
      "locked": {
        "lastModified": 1644750900,
        "narHash": "sha256-Df2D2eBifkZpFklPBbE94AvgAUM/NUAAiuqUzp67Hdo=",
        "owner": "arkenfox",
        "repo": "user.js",
        "rev": "a98b73c64e2e0b505efb6b23d34e6c5d90abe2c8",
        "type": "github"
      },
      "original": {
        "owner": "arkenfox",
        "ref": "97.0",
        "repo": "user.js",
        "type": "github"
      }
    },
    "98.0": {
      "flake": false,
      "locked": {
        "lastModified": 1646873050,
        "narHash": "sha256-HJu+azYJRMW0C5hhU96pkwZxql7Ijpiz2sw9e/JoqR8=",
        "owner": "arkenfox",
        "repo": "user.js",
        "rev": "d9af90d05f477e5e25f8d9f545eeb7fe0a235d2a",
        "type": "github"
      },
      "original": {
        "owner": "arkenfox",
        "ref": "98.0",
        "repo": "user.js",
        "type": "github"
      }
    },
    "99.0": {
      "flake": false,
      "locked": {
        "lastModified": 1649497545,
        "narHash": "sha256-ScO19N/EVpmMzdN2kkfjYIJN7c0CQdZJ9qMZReqMpI4=",
        "owner": "arkenfox",
        "repo": "user.js",
        "rev": "4ff931781a1bf012e0e7e2ec89dc5c2a9bedd890",
        "type": "github"
      },
      "original": {
        "owner": "arkenfox",
        "ref": "99.0",
        "repo": "user.js",
        "type": "github"
      }
    },
    "agenix-orig": {
      "inputs": {
        "nixpkgs": [
          "nixpkgs"
        ]
      },
      "locked": {
        "lastModified": 1652712410,
        "narHash": "sha256-hMJ2TqLt0DleEnQFGUHK9sV2aAzJPU8pZeiZoqRozbE=",
        "owner": "ryantm",
        "repo": "agenix",
        "rev": "7e5e58b98c3dcbf497543ff6f22591552ebfe65b",
        "type": "github"
      },
      "original": {
        "owner": "ryantm",
        "repo": "agenix",
        "type": "github"
      }
    },
    "argonone-utils": {
      "locked": {
        "lastModified": 1641826409,
        "narHash": "sha256-BGCVW2dMxjR+cUxr/EuWjbrbBz0hvIrxE3H3pkX4gi0=",
        "owner": "danielphan2003",
        "repo": "argonone-utils",
        "rev": "156c80b50f94967098639cd01126ee4e762396aa",
        "type": "github"
      },
      "original": {
        "owner": "danielphan2003",
        "ref": "flake-nixosModules",
        "repo": "argonone-utils",
        "type": "github"
      }
    },
    "arkenfox-nixos": {
      "inputs": {
        "100.0": "100.0",
        "101.0": "101.0",
        "102.0": "102.0",
        "93.0": "93.0",
        "94.0": "94.0",
        "95.0": "95.0",
        "96.0": "96.0",
        "97.0": "97.0",
        "98.0": "98.0",
        "99.0": "99.0",
        "master": "master",
        "nixpkgs": [
          "nixos"
        ]
      },
      "locked": {
        "lastModified": 1657219253,
        "narHash": "sha256-elqjvV0zPgDWJ8+3GG+sCvkx501sI4+2LeKGf5dWGEk=",
        "owner": "dwarfmaster",
        "repo": "arkenfox-nixos",
        "rev": "6a9d11edbe3b60804ff24ae838a505087bf1b6e0",
        "type": "github"
      },
      "original": {
        "owner": "dwarfmaster",
        "repo": "arkenfox-nixos",
        "type": "github"
      }
    },
    "base16": {
      "inputs": {
        "nixpkgs": [
          "stylix",
          "nixpkgs"
        ]
      },
      "locked": {
        "lastModified": 1658847131,
        "narHash": "sha256-X6Mml7cT0YR3WCD5fkUhpRVV5ZPcwdcDsND8r8xMqTE=",
        "owner": "SenchoPens",
        "repo": "base16.nix",
        "rev": "6b404cda2e04ca3cf5ca7b877af9c469e1386acb",
        "type": "github"
      },
      "original": {
        "owner": "SenchoPens",
        "repo": "base16.nix",
        "type": "github"
      }
    },
    "blank": {
      "locked": {
        "lastModified": 1625557891,
        "narHash": "sha256-O8/MWsPBGhhyPoPLHZAuoZiiHo9q6FLlEeIDEXuj6T4=",
        "owner": "divnix",
        "repo": "blank",
        "rev": "5a5d2684073d9f563072ed07c871d577a6c614a8",
        "type": "github"
      },
      "original": {
        "owner": "divnix",
        "repo": "blank",
        "type": "github"
      }
    },
    "bootspec-nixpkgs": {
      "locked": {
        "lastModified": 1660436041,
        "narHash": "sha256-cwDKDO39EJ6a1UFtiAe+C7vNRaHhQ0Z8wjsv8jtdV+g=",
        "owner": "DeterminateSystems",
        "repo": "nixpkgs",
        "rev": "2bc935f21d95b11a417ab1a7e0b88b66d07eb4b6",
        "type": "github"
      },
      "original": {
        "owner": "DeterminateSystems",
        "ref": "boot-spec-unstable",
        "repo": "nixpkgs",
        "type": "github"
      }
    },
    "bootspec-secureboot": {
      "inputs": {
        "nixpkgs": [
          "bootspec-nixpkgs"
        ]
      },
      "locked": {
        "lastModified": 1660333059,
        "narHash": "sha256-46bg/w/YPmr9MyxrRlxvfvTEFM3LBCrEZj5c5k1UPdU=",
        "owner": "DeterminateSystems",
        "repo": "bootspec-secureboot",
        "rev": "22cbee43ca4c1e5b3dceb241f585875c82e35f70",
        "type": "github"
      },
      "original": {
        "owner": "DeterminateSystems",
        "repo": "bootspec-secureboot",
        "type": "github"
      }
    },
    "colmena": {
      "inputs": {
        "flake-compat": [
          "flake-compat"
        ],
        "nix-eval-jobs": "nix-eval-jobs",
        "nixpkgs": [
          "nixpkgs"
        ],
        "stable": [
          "nixos-22-05"
        ],
        "utils": [
          "flake-utils"
        ]
      },
      "locked": {
        "lastModified": 1660758990,
        "narHash": "sha256-1vmRcG7JAR3KMVpn2z5LQYoAQlY6cWUYSIP77gfpHbo=",
        "owner": "zhaofengli",
        "repo": "colmena",
        "rev": "3fbc5eeb11e6b9abf66e38ab32d85a2edf9f76e1",
        "type": "github"
      },
      "original": {
        "owner": "zhaofengli",
        "repo": "colmena",
        "type": "github"
      }
    },
    "coricamu": {
      "inputs": {
        "nixpkgs": [
          "nixpkgs"
        ],
        "utils": [
          "flake-utils"
        ]
      },
      "locked": {
        "lastModified": 1659274414,
        "narHash": "sha256-gO8Q6oOwM93F0GCWQYP2R71xGJ2zsPILs7/+Cqcz9Xo=",
        "owner": "danth",
        "repo": "coricamu",
        "rev": "edec9f994ca93ccded4c823f5cd3527eb3c4addb",
        "type": "github"
      },
      "original": {
        "owner": "danth",
        "repo": "coricamu",
        "type": "github"
      }
    },
    "darwin": {
      "inputs": {
        "nixpkgs": [
          "nixpkgs-darwin-stable"
        ]
      },
      "locked": {
        "lastModified": 1657835815,
        "narHash": "sha256-CnZszAYpNKydh6N7+xg+eRtWNVoAAGqc6bg+Lpgq1xc=",
        "owner": "LnL7",
        "repo": "nix-darwin",
        "rev": "54a24f042f93c79f5679f133faddedec61955cf2",
        "type": "github"
      },
      "original": {
        "owner": "LnL7",
        "repo": "nix-darwin",
        "type": "github"
      }
    },
    "darwin_2": {
      "inputs": {
        "nixpkgs": [
          "digga",
          "nixpkgs"
        ]
      },
      "locked": {
        "lastModified": 1651916036,
        "narHash": "sha256-UuD9keUGm4IuVEV6wdSYbuRm7CwfXE63hVkzKDjVsh4=",
        "owner": "LnL7",
        "repo": "nix-darwin",
        "rev": "2f2bdf658d2b79bada78dc914af99c53cad37cba",
        "type": "github"
      },
      "original": {
        "owner": "LnL7",
        "repo": "nix-darwin",
        "type": "github"
      }
    },
    "deploy": {
      "inputs": {
        "flake-compat": [
          "flake-compat"
        ],
        "nixpkgs": [
          "nixos"
        ],
        "utils": [
          "flake-utils"
        ]
      },
      "locked": {
        "lastModified": 1653594315,
        "narHash": "sha256-kJ0ENmnQJ4qL2FeYKZba9kvv1KmIuB3NVpBwMeI7AJQ=",
        "owner": "serokell",
        "repo": "deploy-rs",
        "rev": "184349d8149436748986d1bdba087e4149e9c160",
        "type": "github"
      },
      "original": {
        "owner": "serokell",
        "repo": "deploy-rs",
        "type": "github"
      }
    },
    "devos-ext-lib": {
      "inputs": {
        "nixpkgs": [
          "nixos"
        ],
        "std": "std"
      },
      "locked": {
        "lastModified": 1641830456,
        "narHash": "sha256-KtRDtKEncpyomLMOPLcBIaQmEWrolIk/hpHRuN+6Ogw=",
        "type": "git",
        "url": "file:///home/danie/src/github.com/danielphan2003/devos-ext-lib"
      },
      "original": {
        "type": "git",
        "url": "file:///home/danie/src/github.com/danielphan2003/devos-ext-lib"
      }
    },
    "devshell": {
      "inputs": {
        "flake-utils": [
          "devos-ext-lib",
          "std",
          "flake-utils"
        ],
        "nixpkgs": [
          "devos-ext-lib",
          "std",
          "nixpkgs"
        ]
      },
      "locked": {
        "lastModified": 1658746384,
        "narHash": "sha256-CCJcoMOcXyZFrV1ag4XMTpAPjLWb4Anbv+ktXFI1ry0=",
        "owner": "numtide",
        "repo": "devshell",
        "rev": "0ffc7937bb5e8141af03d462b468bd071eb18e1b",
        "type": "github"
      },
      "original": {
        "owner": "numtide",
        "repo": "devshell",
        "type": "github"
      }
    },
    "devshell_2": {
      "inputs": {
        "flake-utils": [
          "flake-utils"
        ],
        "nixpkgs": [
          "nixpkgs"
        ]
      },
      "locked": {
        "lastModified": 1658746384,
        "narHash": "sha256-CCJcoMOcXyZFrV1ag4XMTpAPjLWb4Anbv+ktXFI1ry0=",
        "owner": "numtide",
        "repo": "devshell",
        "rev": "0ffc7937bb5e8141af03d462b468bd071eb18e1b",
        "type": "github"
      },
      "original": {
        "owner": "numtide",
        "repo": "devshell",
        "type": "github"
      }
    },
    "digga": {
      "inputs": {
        "blank": "blank",
        "darwin": "darwin_2",
        "deploy": [
          "deploy"
        ],
        "devshell": [
          "devshell"
        ],
        "flake-compat": [
          "flake-compat"
        ],
        "flake-utils-plus": [
          "flake-utils-plus"
        ],
        "home-manager": [
          "home"
        ],
        "latest": [
          "nixpkgs"
        ],
        "nixlib": [
          "nixlib"
        ],
        "nixpkgs": [
          "nixos"
        ],
        "nixpkgs-unstable": [
          "nixpkgs"
        ]
      },
      "locked": {
        "lastModified": 1659280786,
        "narHash": "sha256-UOfdm7ArZzfylo/iFdyZB9lqsRy+Ulc9rnEP7+DVh9k=",
        "owner": "divnix",
        "repo": "digga",
        "rev": "c8eb0a63889047c2130fc40b473f10eebaf78d30",
        "type": "github"
      },
      "original": {
        "owner": "divnix",
        "repo": "digga",
        "type": "github"
      }
    },
    "dmerge": {
      "inputs": {
        "nixlib": [
          "devos-ext-lib",
          "std",
          "nixpkgs"
        ],
        "yants": [
          "devos-ext-lib",
          "std",
          "yants"
        ]
      },
      "locked": {
        "lastModified": 1659548052,
        "narHash": "sha256-fzI2gp1skGA8mQo/FBFrUAtY0GQkAIAaV/V127TJPyY=",
        "owner": "divnix",
        "repo": "data-merge",
        "rev": "d160d18ce7b1a45b88344aa3f13ed1163954b497",
        "type": "github"
      },
      "original": {
        "owner": "divnix",
        "repo": "data-merge",
        "type": "github"
      }
    },
    "dmerge_2": {
      "inputs": {
        "nixlib": [
          "std",
          "nixpkgs"
        ],
        "yants": [
          "std",
          "yants"
        ]
      },
      "locked": {
        "lastModified": 1659548052,
        "narHash": "sha256-fzI2gp1skGA8mQo/FBFrUAtY0GQkAIAaV/V127TJPyY=",
        "owner": "divnix",
        "repo": "data-merge",
        "rev": "d160d18ce7b1a45b88344aa3f13ed1163954b497",
        "type": "github"
      },
      "original": {
        "owner": "divnix",
        "repo": "data-merge",
        "type": "github"
      }
    },
    "fenix": {
      "inputs": {
        "nixpkgs": "nixpkgs_2",
        "rust-analyzer-src": "rust-analyzer-src"
      },
      "locked": {
        "lastModified": 1659248763,
        "narHash": "sha256-YCaOwmtgpnEJGmZNHwnQArCeB3arQf1LPr/OSZVmHZ8=",
        "owner": "nix-community",
        "repo": "fenix",
        "rev": "e4787a9b299117979bd04d396466c9c7cb4ac568",
        "type": "github"
      },
      "original": {
        "owner": "nix-community",
        "repo": "fenix",
        "type": "github"
      }
    },
    "firefox-nightly": {
      "inputs": {
        "cachix": [
          "nixpkgs"
        ],
        "mozilla": "mozilla",
        "nixpkgs": [
          "nixpkgs"
        ]
      },
      "locked": {
        "lastModified": 1659277701,
        "narHash": "sha256-GoTyz6Jovq+HHkXSvv9It2w1XcW1Xhf9U5fga/Ui9bY=",
        "owner": "colemickens",
        "repo": "flake-firefox-nightly",
        "rev": "466c05ce4e3eb36ecf7487465ada2e71356ea89c",
        "type": "github"
      },
      "original": {
        "owner": "colemickens",
        "repo": "flake-firefox-nightly",
        "type": "github"
      }
    },
    "flake-compat": {
      "flake": false,
      "locked": {
        "lastModified": 1650374568,
        "narHash": "sha256-Z+s0J8/r907g149rllvwhb4pKi8Wam5ij0st8PwAh+E=",
        "owner": "edolstra",
        "repo": "flake-compat",
        "rev": "b4a34015c698c7793d592d66adbab377907a2be8",
        "type": "github"
      },
      "original": {
        "owner": "edolstra",
        "repo": "flake-compat",
        "type": "github"
      }
    },
    "flake-registry": {
      "flake": false,
      "locked": {
        "lastModified": 1657791189,
        "narHash": "sha256-Z2ckMWqybpJjIdGIPuHcYzTL7DPTbFKpBZJJgGfFUog=",
        "owner": "NixOS",
        "repo": "flake-registry",
        "rev": "7a481cef7e86d6ceb4aec244d9bb085619360ba1",
        "type": "github"
      },
      "original": {
        "owner": "NixOS",
        "repo": "flake-registry",
        "type": "github"
      }
    },
    "flake-utils": {
      "locked": {
        "lastModified": 1659877975,
        "narHash": "sha256-zllb8aq3YO3h8B/U0/J1WBgAL8EX5yWf5pMj3G0NAmc=",
        "owner": "numtide",
        "repo": "flake-utils",
        "rev": "c0e246b9b83f637f4681389ecabcb2681b4f3af0",
        "type": "github"
      },
      "original": {
        "owner": "numtide",
        "repo": "flake-utils",
        "type": "github"
      }
    },
    "flake-utils-plus": {
      "inputs": {
        "flake-utils": [
          "flake-utils"
        ]
      },
      "locked": {
        "lastModified": 1657226504,
        "narHash": "sha256-GIYNjuq4mJlFgqKsZ+YrgzWm0IpA4axA3MCrdKYj7gs=",
        "owner": "gytis-ivaskevicius",
        "repo": "flake-utils-plus",
        "rev": "2bf0f91643c2e5ae38c1b26893ac2927ac9bd82a",
        "type": "github"
      },
      "original": {
        "owner": "gytis-ivaskevicius",
        "repo": "flake-utils-plus",
        "type": "github"
      }
    },
    "flake-utils_2": {
      "locked": {
        "lastModified": 1656928814,
        "narHash": "sha256-RIFfgBuKz6Hp89yRr7+NR5tzIAbn52h8vT6vXkYjZoM=",
        "owner": "numtide",
        "repo": "flake-utils",
        "rev": "7e2a3b3dfd9af950a856d66b0a7d01e3c18aa249",
        "type": "github"
      },
      "original": {
        "owner": "numtide",
        "repo": "flake-utils",
        "type": "github"
      }
    },
    "flake-utils_3": {
      "locked": {
        "lastModified": 1656928814,
        "narHash": "sha256-RIFfgBuKz6Hp89yRr7+NR5tzIAbn52h8vT6vXkYjZoM=",
        "owner": "numtide",
        "repo": "flake-utils",
        "rev": "7e2a3b3dfd9af950a856d66b0a7d01e3c18aa249",
        "type": "github"
      },
      "original": {
        "owner": "numtide",
        "repo": "flake-utils",
        "type": "github"
      }
    },
    "fog": {
      "inputs": {
        "nixpkgs": [
          "nixpkgs"
        ],
        "std": [
          "std"
        ]
      },
      "locked": {
        "lastModified": 1660858624,
        "narHash": "sha256-f3a+Pt8a99kXnXAiFNw0iuRxxIf1Ez6+T2yh6vLMk+U=",
        "owner": "danielphan2003",
        "repo": "fog",
        "rev": "48db09dfd0c7767f363b0d1ddb5d53e7f040f4b1",
        "type": "github"
      },
      "original": {
        "owner": "danielphan2003",
        "repo": "fog",
        "type": "github"
      }
    },
    "gomod2nix": {
      "inputs": {
        "nixpkgs": [
          "nixos"
        ],
        "utils": [
          "flake-utils"
        ]
      },
      "locked": {
        "lastModified": 1659105894,
        "narHash": "sha256-6+SyORQjTsYGZHWg1TbcpD+4CBi8aBA2rNxmtwu1JtY=",
        "owner": "tweag",
        "repo": "gomod2nix",
        "rev": "d1e95112bd2dc1359330c808154a194c999b7886",
        "type": "github"
      },
      "original": {
        "owner": "tweag",
        "repo": "gomod2nix",
        "type": "github"
      }
    },
    "home-21-11": {
      "inputs": {
        "nixpkgs": [
          "nixos-21-11"
        ]
      },
      "locked": {
        "lastModified": 1651519540,
        "narHash": "sha256-3k6p8VsTwwRPQjE8rrMh+o2AZACZn/eeYJ7ivdQ/Iro=",
        "owner": "nix-community",
        "repo": "home-manager",
        "rev": "d93d56ab8c1c6aa575854a79b9d2f69d491db7d0",
        "type": "github"
      },
      "original": {
        "owner": "nix-community",
        "ref": "release-21.11",
        "repo": "home-manager",
        "type": "github"
      }
    },
    "home-22-05": {
      "inputs": {
        "nixpkgs": [
          "nixos-22-05"
        ]
      },
      "locked": {
        "lastModified": 1656169755,
        "narHash": "sha256-Nlnm4jeQWEGjYrE6hxi/7HYHjBSZ/E0RtjCYifnNsWk=",
        "owner": "nix-community",
        "repo": "home-manager",
        "rev": "4a3d01fb53f52ac83194081272795aa4612c2381",
        "type": "github"
      },
      "original": {
        "owner": "nix-community",
        "ref": "release-22.05",
        "repo": "home-manager",
        "type": "github"
      }
    },
    "home-unstable": {
      "inputs": {
        "nixpkgs": [
          "nixpkgs"
        ],
        "utils": [
          "flake-utils"
        ]
      },
      "locked": {
        "lastModified": 1659232160,
        "narHash": "sha256-RYKbKAYooiART2RUEpUnP7tAYM6+2i1m9+QI14wljZU=",
        "owner": "nix-community",
        "repo": "home-manager",
        "rev": "7146638e9ef74aba6736cbbf12dbe60e1ed24c1e",
        "type": "github"
      },
      "original": {
        "owner": "nix-community",
        "repo": "home-manager",
        "type": "github"
      }
    },
    "hyprland": {
      "inputs": {
        "nixpkgs": [
          "nixpkgs"
        ],
        "wlroots": "wlroots"
      },
      "locked": {
        "lastModified": 1660422831,
        "narHash": "sha256-8Zk29TPXgVuO+V/XHWudlmMV8MEENTIxc4J/5fjXFfo=",
        "owner": "hyprwm",
        "repo": "Hyprland",
        "rev": "bfe0f844d2599a567a1ace5aa900db3d30a38a57",
        "type": "github"
      },
      "original": {
        "owner": "hyprwm",
        "repo": "Hyprland",
        "type": "github"
      }
    },
    "hyprwm-contrib": {
      "inputs": {
        "nixpkgs": [
          "nixpkgs"
        ]
      },
      "locked": {
        "lastModified": 1658948680,
        "narHash": "sha256-0A2ZKxCXmnkMzlaveS+nKVCntIXrHKHMGZDEqVqlwOk=",
        "owner": "hyprwm",
        "repo": "contrib",
        "rev": "1b3af7422e971507538e692b28877bf58349475a",
        "type": "github"
      },
      "original": {
        "owner": "hyprwm",
        "repo": "contrib",
        "type": "github"
      }
    },
    "impermanence": {
      "locked": {
        "lastModified": 1646131459,
        "narHash": "sha256-GPmgxvUFvQ1GmsGfWHy9+rcxWrczeDhS9XnAIPHi9XQ=",
        "owner": "nix-community",
        "repo": "impermanence",
        "rev": "2f39baeb7d039fda5fc8225111bb79474138e6f4",
        "type": "github"
      },
      "original": {
        "owner": "nix-community",
        "repo": "impermanence",
        "type": "github"
      }
    },
    "lib-aggregate": {
      "inputs": {
        "flake-utils": [
          "flake-utils"
        ],
        "nixpkgs-lib": [
          "nixlib"
        ]
      },
      "locked": {
        "lastModified": 1659269454,
        "narHash": "sha256-TefLZJkb5I3okEPr5CEx8ok5YMMIKKRIr0qgLsV0wEo=",
        "owner": "nix-community",
        "repo": "lib-aggregate",
        "rev": "05a490aa2cc58c324089be2a46630f79cfd291dc",
        "type": "github"
      },
      "original": {
        "owner": "nix-community",
        "repo": "lib-aggregate",
        "type": "github"
      }
    },
    "master": {
      "flake": false,
      "locked": {
        "lastModified": 1651793624,
        "narHash": "sha256-4MhqNsw2YLgOjQLAjQb/aRyZf10IkIagzyzzUSiAHtY=",
        "owner": "arkenfox",
        "repo": "user.js",
        "rev": "7ff46e02dd33588c0298f7432e7742c53765d2ea",
        "type": "github"
      },
      "original": {
        "owner": "arkenfox",
        "repo": "user.js",
        "type": "github"
      }
    },
    "mdbook-kroki-preprocessor": {
      "flake": false,
      "locked": {
        "lastModified": 1655670640,
        "narHash": "sha256-JjqdxftHBjABTkOpFl3cWUJtc/KGwkQ3NRWGLjH2oUs=",
        "owner": "JoelCourtney",
        "repo": "mdbook-kroki-preprocessor",
        "rev": "bb6e607437ecc3f22fd9036acee6b797a5b45dbc",
        "type": "github"
      },
      "original": {
        "owner": "JoelCourtney",
        "repo": "mdbook-kroki-preprocessor",
        "type": "github"
      }
    },
    "mdbook-kroki-preprocessor_2": {
      "flake": false,
      "locked": {
        "lastModified": 1655670640,
        "narHash": "sha256-JjqdxftHBjABTkOpFl3cWUJtc/KGwkQ3NRWGLjH2oUs=",
        "owner": "JoelCourtney",
        "repo": "mdbook-kroki-preprocessor",
        "rev": "bb6e607437ecc3f22fd9036acee6b797a5b45dbc",
        "type": "github"
      },
      "original": {
        "owner": "JoelCourtney",
        "repo": "mdbook-kroki-preprocessor",
        "type": "github"
      }
    },
    "mozilla": {
      "flake": false,
      "locked": {
        "lastModified": 1651008893,
        "narHash": "sha256-N6xPE/wNynlKhDSGxvYKkX9PJFsENIXR/RMVc9NzILU=",
        "owner": "colemickens",
        "repo": "nixpkgs-mozilla",
        "rev": "dac859ea535d8abcd2146346d1dca1ee8fc50210",
        "type": "github"
      },
      "original": {
        "owner": "colemickens",
        "repo": "nixpkgs-mozilla",
        "type": "github"
      }
    },
    "naersk": {
      "inputs": {
        "nixpkgs": "nixpkgs_3"
      },
      "locked": {
        "lastModified": 1655042882,
        "narHash": "sha256-9BX8Fuez5YJlN7cdPO63InoyBy7dm3VlJkkmTt6fS1A=",
        "owner": "nix-community",
        "repo": "naersk",
        "rev": "cddffb5aa211f50c4b8750adbec0bbbdfb26bb9f",
        "type": "github"
      },
      "original": {
        "owner": "nix-community",
        "repo": "naersk",
        "type": "github"
      }
    },
    "nix-eval-jobs": {
      "inputs": {
        "flake-utils": "flake-utils",
        "nixpkgs": [
          "colmena",
          "nixpkgs"
        ]
      },
      "locked": {
        "lastModified": 1660713017,
        "narHash": "sha256-w6KLNkT/2fI7UvPg3NoKj7gve4CgUHpyWOFq0BUwW7o=",
        "owner": "zhaofengli",
        "repo": "nix-eval-jobs",
        "rev": "b4c078a4870c5b1a5b74420ca1dca41f4d75b7cc",
        "type": "github"
      },
      "original": {
        "owner": "zhaofengli",
        "ref": "colmena",
        "repo": "nix-eval-jobs",
        "type": "github"
      }
    },
    "nix-gaming": {
      "inputs": {
        "nixpkgs": [
          "nixos"
        ]
      },
      "locked": {
        "lastModified": 1659023458,
        "narHash": "sha256-2KFbcZqgXNWRuE/NfyfgmUdtQW+YVl2z13PXRGSqbuY=",
        "owner": "fufexan",
        "repo": "nix-gaming",
        "rev": "6270e7976dfe6a881451a61084d9647a4b766941",
        "type": "github"
      },
      "original": {
        "owner": "fufexan",
        "repo": "nix-gaming",
        "type": "github"
      }
    },
    "nixago": {
      "inputs": {
        "flake-utils": [
          "devos-ext-lib",
          "std",
          "flake-utils"
        ],
        "nixago-exts": "nixago-exts",
        "nixpkgs": [
          "devos-ext-lib",
          "std",
          "nixpkgs"
        ]
      },
      "locked": {
        "lastModified": 1659153038,
        "narHash": "sha256-g4npRU8YBR7CAqMF0SyXtkHnoY9q+NcxvZwcc6UvLBc=",
        "owner": "nix-community",
        "repo": "nixago",
        "rev": "608abdd0fe6729d1f7244e03f1a7f8a5d6408898",
        "type": "github"
      },
      "original": {
        "owner": "nix-community",
        "repo": "nixago",
        "type": "github"
      }
    },
    "nixago-exts": {
      "locked": {
        "lastModified": 1625557891,
        "narHash": "sha256-O8/MWsPBGhhyPoPLHZAuoZiiHo9q6FLlEeIDEXuj6T4=",
        "owner": "divnix",
        "repo": "blank",
        "rev": "5a5d2684073d9f563072ed07c871d577a6c614a8",
        "type": "github"
      },
      "original": {
        "owner": "nix-community",
        "repo": "nixago-extensions",
        "type": "github"
      }
    },
    "nixago-exts_2": {
      "locked": {
        "lastModified": 1625557891,
        "narHash": "sha256-O8/MWsPBGhhyPoPLHZAuoZiiHo9q6FLlEeIDEXuj6T4=",
        "owner": "divnix",
        "repo": "blank",
        "rev": "5a5d2684073d9f563072ed07c871d577a6c614a8",
        "type": "github"
      },
      "original": {
        "owner": "nix-community",
        "repo": "nixago-extensions",
        "type": "github"
      }
    },
    "nixago_2": {
      "inputs": {
        "flake-utils": [
          "std",
          "flake-utils"
        ],
        "nixago-exts": "nixago-exts_2",
        "nixpkgs": [
          "std",
          "nixpkgs"
        ]
      },
      "locked": {
        "lastModified": 1661824785,
        "narHash": "sha256-/PnwdWoO/JugJZHtDUioQp3uRiWeXHUdgvoyNbXesz8=",
        "owner": "nix-community",
        "repo": "nixago",
        "rev": "8c1f9e5f1578d4b2ea989f618588d62a335083c3",
        "type": "github"
      },
      "original": {
        "owner": "nix-community",
        "repo": "nixago",
        "type": "github"
      }
    },
    "nixlib": {
      "locked": {
        "lastModified": 1659228903,
        "narHash": "sha256-if+c7F8t/Yufix9LeWmWp4p3+VmGQAUSr7TCCrlQTJQ=",
        "owner": "nix-community",
        "repo": "nixpkgs.lib",
        "rev": "a351c69544a1b38dcfae88b57512de36931a0b7c",
        "type": "github"
      },
      "original": {
        "owner": "nix-community",
        "repo": "nixpkgs.lib",
        "type": "github"
      }
    },
    "nixos-21-11": {
      "locked": {
        "lastModified": 1658346836,
        "narHash": "sha256-c9BZZbi0tqCQ4j6CMVDlsut3Q3ET1Fezf+qIslCfkhs=",
        "ref": "release-21.11",
        "rev": "a1fe662eb26ffc2a036b37c4670392ade632c413",
        "revCount": 337971,
        "type": "git",
        "url": "file:///nix/nixpkgs"
      },
      "original": {
        "id": "nixpkgs",
        "ref": "release-21.11",
        "type": "indirect"
      }
    },
    "nixos-22-05": {
      "locked": {
        "lastModified": 1659277346,
        "narHash": "sha256-bnTRgnM8tTqRgmgICyDYnGuIdRmFkqOIWjMdcjfBTHs=",
        "ref": "release-22.05",
        "rev": "8b7ba20e599e3ea8aee4f99e17caf9a0981f08bf",
        "revCount": 382089,
        "type": "git",
        "url": "file:///nix/nixpkgs"
      },
      "original": {
        "id": "nixpkgs",
        "ref": "release-22.05",
        "type": "indirect"
      }
    },
    "nixos-generators": {
      "inputs": {
        "nixlib": [
          "nixlib"
        ],
        "nixpkgs": [
          "nixpkgs"
        ]
      },
      "locked": {
        "lastModified": 1657748715,
        "narHash": "sha256-WecDwDY/hEcDQYzFnccCNa+5Umht0lfjx/d1qGDy/rQ=",
        "owner": "nix-community",
        "repo": "nixos-generators",
        "rev": "3323b944d99b026aebfd8de439e001409dde067d",
        "type": "github"
      },
      "original": {
        "owner": "nix-community",
        "repo": "nixos-generators",
        "type": "github"
      }
    },
    "nixos-hardware": {
      "locked": {
        "lastModified": 1659256765,
        "narHash": "sha256-RE4l6J+ApJ1vd4QFDhbEasv0M/deTxSK5IsIBYXuHmE=",
        "owner": "nixos",
        "repo": "nixos-hardware",
        "rev": "727a099e871ff10ae09a1ebd056a5ba4b9dbe50f",
        "type": "github"
      },
      "original": {
        "owner": "nixos",
        "repo": "nixos-hardware",
        "type": "github"
      }
    },
    "nixos-unstable": {
      "locked": {
        "lastModified": 1659219666,
        "narHash": "sha256-pzYr5fokQPHv7CmUXioOhhzDy/XyWOIXP4LZvv/T7Mk=",
        "ref": "nixos-unstable",
        "rev": "7b9be38c7250b22d829ab6effdee90d5e40c6e5c",
        "revCount": 396318,
        "type": "git",
        "url": "file:///nix/nixpkgs"
      },
      "original": {
        "id": "nixpkgs",
        "ref": "nixos-unstable",
        "type": "indirect"
      }
    },
    "nixpkgs": {
      "locked": {
        "lastModified": 1658311025,
        "narHash": "sha256-GqagY5YmaZB3YaO41kKcQhe5RcpS83wnsW8iCu5Znqo=",
        "owner": "nixos",
        "repo": "nixpkgs",
        "rev": "cd8d1784506a7c7eb0796772b73437e0b82fad57",
        "type": "github"
      },
      "original": {
        "owner": "nixos",
        "ref": "nixpkgs-unstable",
        "repo": "nixpkgs",
        "type": "github"
      }
    },
    "nixpkgs-darwin-stable": {
      "locked": {
        "lastModified": 1659216100,
        "narHash": "sha256-odMC+mW47dFtbWB1sNIUaqnode9JZEaqEMBigu6VBi0=",
        "owner": "NixOS",
        "repo": "nixpkgs",
        "rev": "620181da88d856cebd82b3c5f36936d2e5fbaef7",
        "type": "github"
      },
      "original": {
        "owner": "NixOS",
        "ref": "nixpkgs-22.05-darwin",
        "repo": "nixpkgs",
        "type": "github"
      }
    },
    "nixpkgs-wayland": {
      "inputs": {
        "cachix": [
          "nixos"
        ],
        "flake-compat": [
          "flake-compat"
        ],
        "lib-aggregate": [
          "lib-aggregate"
        ],
        "nixpkgs": [
          "nixpkgs"
        ]
      },
      "locked": {
        "lastModified": 1659270525,
        "narHash": "sha256-lkihgoV7vctw8KYWyXsxT6dUT5f690yxIxgBMRN+/l8=",
        "owner": "nix-community",
        "repo": "nixpkgs-wayland",
        "rev": "53a6e12e650396382264207fe00beb7c1def8600",
        "type": "github"
      },
      "original": {
        "owner": "nix-community",
        "repo": "nixpkgs-wayland",
        "type": "github"
      }
    },
    "nixpkgs_2": {
      "locked": {
        "lastModified": 1659131907,
        "narHash": "sha256-8bz4k18M/FuVC+EVcI4aREN2PsEKT7LGmU2orfjnpCg=",
        "owner": "nixos",
        "repo": "nixpkgs",
        "rev": "8d435fca5c561da8168abb30270788d2da2a7951",
        "type": "github"
      },
      "original": {
        "owner": "nixos",
        "ref": "nixos-unstable",
        "repo": "nixpkgs",
        "type": "github"
      }
    },
    "nixpkgs_3": {
      "locked": {
        "lastModified": 1659286489,
        "narHash": "sha256-YqR0v9fJ8eLToMCV6wHXH8WGZW3JBCGqxDs267NhdJY=",
        "ref": "refs/heads/master",
        "rev": "14444fee28834bb9a4174411ea5c6bafa3d59b0a",
        "revCount": 396518,
        "type": "git",
        "url": "file:///nix/nixpkgs"
      },
      "original": {
        "id": "nixpkgs",
        "type": "indirect"
      }
    },
    "nixpkgs_4": {
      "locked": {
        "lastModified": 1659102345,
        "narHash": "sha256-Vbzlz254EMZvn28BhpN8JOi5EuKqnHZ3ujFYgFcSGvk=",
        "owner": "NixOS",
        "repo": "nixpkgs",
        "rev": "11b60e4f80d87794a2a4a8a256391b37c59a1ea7",
        "type": "github"
      },
      "original": {
        "owner": "NixOS",
        "ref": "nixpkgs-unstable",
        "repo": "nixpkgs",
        "type": "github"
      }
    },
    "npmlock2nix": {
      "flake": false,
      "locked": {
        "lastModified": 1654350052,
        "narHash": "sha256-s3hT4kWBXX97YxVGpFCdZTrzGIJi7rQG37SUH+8036E=",
        "owner": "hlolli",
        "repo": "npmlock2nix",
        "rev": "605d080465f429e464739d2b0fc36988d0e7df4e",
        "type": "github"
      },
      "original": {
        "owner": "hlolli",
        "ref": "lock/v2",
        "repo": "npmlock2nix",
        "type": "github"
      }
    },
    "peerix": {
      "inputs": {
        "flake-compat": [
          "flake-compat"
        ],
        "flake-utils": [
          "flake-utils"
        ],
        "nixpkgs": [
          "nixpkgs"
        ]
      },
      "locked": {
        "lastModified": 1655532901,
        "narHash": "sha256-7XcuWfs8yvqTiYAZhYkPbqWL2HQl5BqN0lFguqBVKbs=",
        "owner": "cid-chan",
        "repo": "peerix",
        "rev": "2ae67323cccf1adcd5b616ac77545cb8b0a8e941",
        "type": "github"
      },
      "original": {
        "owner": "cid-chan",
        "repo": "peerix",
        "type": "github"
      }
    },
    "poetry2nix": {
      "inputs": {
        "flake-utils": [
          "flake-utils"
        ],
        "nixpkgs": [
          "nixpkgs"
        ]
      },
      "locked": {
        "lastModified": 1658665240,
        "narHash": "sha256-/wkx7D7enyBPRjIkK0w7QxLQhzEkb3UxNQnjyc3FTUI=",
        "owner": "nix-community",
        "repo": "poetry2nix",
        "rev": "8b8edc85d24661d5a6d0d71d6a7011f3e699780f",
        "type": "github"
      },
      "original": {
        "owner": "nix-community",
        "repo": "poetry2nix",
        "type": "github"
      }
    },
    "qnr": {
      "inputs": {
        "globalRegistry": [
          "flake-registry"
        ]
      },
      "locked": {
        "lastModified": 1627589359,
        "narHash": "sha256-h0UhOgGtHwEcb2looQXIFPNmRwiFtXo4bEuBboPJzJo=",
        "owner": "divnix",
        "repo": "quick-nix-registry",
        "rev": "9f1beb3e4de2e538b14ed8ddc71b706fd33b08dd",
        "type": "github"
      },
      "original": {
        "owner": "divnix",
        "repo": "quick-nix-registry",
        "type": "github"
      }
    },
    "ragenix": {
      "inputs": {
        "agenix": [
          "agenix-orig"
        ],
        "flake-utils": [
          "flake-utils"
        ],
        "nixpkgs": [
          "nixpkgs"
        ],
        "rust-overlay": [
          "rust-overlay"
        ]
      },
      "locked": {
        "lastModified": 1654412551,
        "narHash": "sha256-hoIZKaMy2NWQJwrGQEiCuDp8yyGHH9LhW9FX78RsqQ8=",
        "owner": "yaxitech",
        "repo": "ragenix",
        "rev": "e2bcfcf52480825ef90e7d23693f5e65388399f0",
        "type": "github"
      },
      "original": {
        "owner": "yaxitech",
        "repo": "ragenix",
        "type": "github"
      }
    },
    "rnix-lsp": {
      "inputs": {
        "naersk": [
          "naersk"
        ],
        "nixpkgs": [
          "nixpkgs"
        ],
        "utils": [
          "flake-utils"
        ]
      },
      "locked": {
        "lastModified": 1658963292,
        "narHash": "sha256-4OIpATLdPQvryyhRQPELeqNYC0n6PCyjD6LCPdwOztc=",
        "owner": "nix-community",
        "repo": "rnix-lsp",
        "rev": "ff18e04551a39ccdab0ff9c83926db3807b23478",
        "type": "github"
      },
      "original": {
        "owner": "nix-community",
        "repo": "rnix-lsp",
        "type": "github"
      }
    },
    "root": {
      "inputs": {
        "agenix": [
          "ragenix"
        ],
        "agenix-orig": "agenix-orig",
        "argonone-utils": "argonone-utils",
        "arkenfox-nixos": "arkenfox-nixos",
        "bootspec-nixpkgs": "bootspec-nixpkgs",
        "bootspec-secureboot": "bootspec-secureboot",
        "colmena": "colmena",
        "coricamu": "coricamu",
        "darwin": "darwin",
        "deploy": "deploy",
        "devos-ext-lib": "devos-ext-lib",
        "devshell": "devshell_2",
        "digga": "digga",
        "fenix": "fenix",
        "firefox-nightly": "firefox-nightly",
        "flake-compat": "flake-compat",
        "flake-registry": "flake-registry",
        "flake-utils": "flake-utils_3",
        "flake-utils-plus": "flake-utils-plus",
        "fog": "fog",
        "gomod2nix": "gomod2nix",
        "home": [
          "home-unstable"
        ],
        "home-21-11": "home-21-11",
        "home-22-05": "home-22-05",
        "home-unstable": "home-unstable",
        "hyprland": "hyprland",
        "hyprwm-contrib": "hyprwm-contrib",
        "impermanence": "impermanence",
        "lib-aggregate": "lib-aggregate",
        "naersk": "naersk",
        "nix-gaming": "nix-gaming",
        "nixlib": "nixlib",
        "nixos": [
          "bootspec-nixpkgs"
        ],
        "nixos-21-11": "nixos-21-11",
        "nixos-22-05": "nixos-22-05",
        "nixos-generators": "nixos-generators",
        "nixos-hardware": "nixos-hardware",
        "nixos-unstable": "nixos-unstable",
        "nixpkgs": [
          "bootspec-nixpkgs"
        ],
        "nixpkgs-darwin-stable": "nixpkgs-darwin-stable",
        "nixpkgs-wayland": "nixpkgs-wayland",
        "npmlock2nix": "npmlock2nix",
        "peerix": "peerix",
        "poetry2nix": "poetry2nix",
        "qnr": "qnr",
        "ragenix": "ragenix",
        "rnix-lsp": "rnix-lsp",
        "rust-overlay": "rust-overlay",
        "std": "std_2",
        "stylix": "stylix",
        "yants": "yants_2"
      }
    },
    "rust-analyzer-src": {
      "flake": false,
      "locked": {
        "lastModified": 1659167628,
        "narHash": "sha256-hl3zom2TrPnwadl0bdoTxNXcSSW8OTx/iASF8VsrRlc=",
        "owner": "rust-lang",
        "repo": "rust-analyzer",
        "rev": "e0ff4befdacf187621bebba84f824d2e41ab0607",
        "type": "github"
      },
      "original": {
        "owner": "rust-lang",
        "ref": "nightly",
        "repo": "rust-analyzer",
        "type": "github"
      }
    },
    "rust-overlay": {
      "inputs": {
        "flake-utils": [
          "flake-utils"
        ],
        "nixpkgs": "nixpkgs_4"
      },
      "locked": {
        "lastModified": 1659179790,
        "narHash": "sha256-HhCjnO20QbJFJExExiwAslpx0YpB0qpovKejE+HpSQ4=",
        "owner": "oxalica",
        "repo": "rust-overlay",
        "rev": "cc3c93a28de41ac38b93cdf075a6776c6e42d2a1",
        "type": "github"
      },
      "original": {
        "owner": "oxalica",
        "repo": "rust-overlay",
        "type": "github"
      }
    },
    "std": {
      "inputs": {
        "devshell": "devshell",
        "dmerge": "dmerge",
        "flake-utils": "flake-utils_2",
        "mdbook-kroki-preprocessor": "mdbook-kroki-preprocessor",
        "nixago": "nixago",
        "nixpkgs": "nixpkgs",
        "yants": "yants"
      },
      "locked": {
        "lastModified": 1660856350,
        "narHash": "sha256-rS4ePyOgzdvqNxi/cZKWpfNlM6406gH9yyVXWoZ8qkg=",
        "owner": "divnix",
        "repo": "std",
        "rev": "8eab29bf973cf5beb0f43371b449ab7b41fcb63e",
        "type": "github"
      },
      "original": {
        "owner": "divnix",
        "repo": "std",
        "type": "github"
      }
    },
    "std_2": {
      "inputs": {
        "devshell": [
          "devshell"
        ],
        "dmerge": "dmerge_2",
        "flake-utils": [
          "flake-utils"
        ],
        "mdbook-kroki-preprocessor": "mdbook-kroki-preprocessor_2",
        "nixago": "nixago_2",
        "nixpkgs": [
          "nixpkgs"
        ],
        "yants": [
          "yants"
        ]
      },
      "locked": {
        "lastModified": 1661832225,
        "narHash": "sha256-dWt1vxgA0bL1efcWADycNUb9kdYMfxYMftpf3uVrRco=",
        "owner": "divnix",
        "repo": "std",
        "rev": "34b98b2feaa1a7ec63442dcaba72cc2d23dc1227",
        "type": "github"
      },
      "original": {
        "owner": "divnix",
        "repo": "std",
        "type": "github"
      }
    },
    "stylix": {
      "inputs": {
        "base16": "base16",
        "coricamu": [
          "coricamu"
        ],
        "home-manager": [
          "home"
        ],
        "nixpkgs": [
          "nixpkgs"
        ]
      },
      "locked": {
        "lastModified": 1659650975,
        "narHash": "sha256-MYohLFZYuCR6gP9X6dPnLJprqmUSipfvNMouLb2PguU=",
        "owner": "danth",
        "repo": "stylix",
        "rev": "37517310fa2eb4ad11e6ae4a5ac8ff57954eed4f",
        "type": "github"
      },
      "original": {
        "owner": "danth",
        "repo": "stylix",
        "type": "github"
      }
    },
    "wlroots": {
      "flake": false,
      "locked": {
        "host": "gitlab.freedesktop.org",
        "lastModified": 1659738224,
        "narHash": "sha256-bV3TLiCgptpKoUKLiH/5RMtiIsfn0hawdaCEHQFB6WY=",
        "owner": "wlroots",
        "repo": "wlroots",
        "rev": "3baf2a6bcfc4cb86c364f5724aaec80f28715a01",
        "type": "gitlab"
      },
      "original": {
        "host": "gitlab.freedesktop.org",
        "owner": "wlroots",
        "repo": "wlroots",
        "type": "gitlab"
      }
    },
    "yants": {
      "inputs": {
        "nixpkgs": [
          "devos-ext-lib",
          "std",
          "nixpkgs"
        ]
      },
      "locked": {
        "lastModified": 1645126146,
        "narHash": "sha256-XQ1eg4gzXoc7Tl8iXak1uCt3KnsTyxqPtLE+vOoDnrQ=",
        "owner": "divnix",
        "repo": "yants",
        "rev": "77df2be1b3cce9f571c6cf451f786b266a6869cc",
        "type": "github"
      },
      "original": {
        "owner": "divnix",
        "repo": "yants",
        "type": "github"
      }
    },
    "yants_2": {
      "inputs": {
        "nixpkgs": [
          "nixlib"
        ]
      },
      "locked": {
        "lastModified": 1645126146,
        "narHash": "sha256-XQ1eg4gzXoc7Tl8iXak1uCt3KnsTyxqPtLE+vOoDnrQ=",
        "owner": "divnix",
        "repo": "yants",
        "rev": "77df2be1b3cce9f571c6cf451f786b266a6869cc",
        "type": "github"
      },
      "original": {
        "owner": "divnix",
        "repo": "yants",
        "type": "github"
      }
    }
  },
  "root": "root",
  "version": 7
}
